// !$*UTF8*$!
{
	archiveVersion = 1;
	classes = {
	};
	objectVersion = 46;
	objects = {

/* Begin PBXBuildFile section */
		AC5EE2D11BDDE76B00527C08 /* AppDelegate.swift in Sources */ = {isa = PBXBuildFile; fileRef = AC5EE2D01BDDE76B00527C08 /* AppDelegate.swift */; };
		AC5EE2D31BDDE76B00527C08 /* ViewController.swift in Sources */ = {isa = PBXBuildFile; fileRef = AC5EE2D21BDDE76B00527C08 /* ViewController.swift */; };
		AC5EE2D61BDDE76B00527C08 /* Main.storyboard in Resources */ = {isa = PBXBuildFile; fileRef = AC5EE2D41BDDE76B00527C08 /* Main.storyboard */; };
		AC5EE2D81BDDE76B00527C08 /* Assets.xcassets in Resources */ = {isa = PBXBuildFile; fileRef = AC5EE2D71BDDE76B00527C08 /* Assets.xcassets */; };
		AC5EE2DB1BDDE76B00527C08 /* LaunchScreen.storyboard in Resources */ = {isa = PBXBuildFile; fileRef = AC5EE2D91BDDE76B00527C08 /* LaunchScreen.storyboard */; };
/* End PBXBuildFile section */

/* Begin PBXFileReference section */
		AC5EE2CD1BDDE76B00527C08 /* SuperCool.app */ = {isa = PBXFileReference; explicitFileType = wrapper.application; includeInIndex = 0; path = SuperCool.app; sourceTree = BUILT_PRODUCTS_DIR; };
		AC5EE2D01BDDE76B00527C08 /* AppDelegate.swift */ = {isa = PBXFileReference; lastKnownFileType = sourcecode.swift; path = AppDelegate.swift; sourceTree = "<group>"; };
		AC5EE2D21BDDE76B00527C08 /* ViewController.swift */ = {isa = PBXFileReference; lastKnownFileType = sourcecode.swift; path = ViewController.swift; sourceTree = "<group>"; };
		AC5EE2D51BDDE76B00527C08 /* Base */ = {isa = PBXFileReference; lastKnownFileType = file.storyboard; name = Base; path = Base.lproj/Main.storyboard; sourceTree = "<group>"; };
		AC5EE2D71BDDE76B00527C08 /* Assets.xcassets */ = {isa = PBXFileReference; lastKnownFileType = folder.assetcatalog; path = Assets.xcassets; sourceTree = "<group>"; };
		AC5EE2DA1BDDE76B00527C08 /* Base */ = {isa = PBXFileReference; lastKnownFileType = file.storyboard; name = Base; path = Base.lproj/LaunchScreen.storyboard; sourceTree = "<group>"; };
		AC5EE2DC1BDDE76B00527C08 /* Info.plist */ = {isa = PBXFileReference; lastKnownFileType = text.plist.xml; path = Info.plist; sourceTree = "<group>"; };
/* End PBXFileReference section */

/* Begin PBXFrameworksBuildPhase section */
		AC5EE2CA1BDDE76B00527C08 /* Frameworks */ = {
			isa = PBXFrameworksBuildPhase;
			buildActionMask = 2147483647;
			files = (
			);
			runOnlyForDeploymentPostprocessing = 0;
		};
/* End PBXFrameworksBuildPhase section */

/* Begin PBXGroup section */
		AC5EE2C41BDDE76B00527C08 = {
			isa = PBXGroup;
			children = (
				AC5EE2CF1BDDE76B00527C08 /* SuperCool */,
				AC5EE2CE1BDDE76B00527C08 /* Products */,
			);
			sourceTree = "<group>";
		};
		AC5EE2CE1BDDE76B00527C08 /* Products */ = {
			isa = PBXGroup;
			children = (
				AC5EE2CD1BDDE76B00527C08 /* SuperCool.app */,
			);
			name = Products;
			sourceTree = "<group>";
		};
		AC5EE2CF1BDDE76B00527C08 /* SuperCool */ = {
			isa = PBXGroup;
			children = (
				AC5EE2D01BDDE76B00527C08 /* AppDelegate.swift */,
				AC5EE2D21BDDE76B00527C08 /* ViewController.swift */,
				AC5EE2D41BDDE76B00527C08 /* Main.storyboard */,
				AC5EE2D71BDDE76B00527C08 /* Assets.xcassets */,
				AC5EE2D91BDDE76B00527C08 /* LaunchScreen.storyboard */,
				AC5EE2DC1BDDE76B00527C08 /* Info.plist */,
			);
			path = SuperCool;
			sourceTree = "<group>";
		};
/* End PBXGroup section */

/* Begin PBXNativeTarget section */
		AC5EE2CC1BDDE76B00527C08 /* SuperCool */ = {
			isa = PBXNativeTarget;
			buildConfigurationList = AC5EE2DF1BDDE76B00527C08 /* Build configuration list for PBXNativeTarget "SuperCool" */;
			buildPhases = (
				AC5EE2C91BDDE76B00527C08 /* Sources */,
				AC5EE2CA1BDDE76B00527C08 /* Frameworks */,
				AC5EE2CB1BDDE76B00527C08 /* Resources */,
			);
			buildRules = (
			);
			dependencies = (
			);
			name = SuperCool;
			productName = SuperCool;
			productReference = AC5EE2CD1BDDE76B00527C08 /* SuperCool.app */;
			productType = "com.apple.product-type.application";
		};
/* End PBXNativeTarget section */

/* Begin PBXProject section */
		AC5EE2C51BDDE76B00527C08 /* Project object */ = {
			isa = PBXProject;
			attributes = {
				LastSwiftUpdateCheck = 0710;
				LastUpgradeCheck = 0710;
				ORGANIZATIONNAME = AlecPotato;
				TargetAttributes = {
					AC5EE2CC1BDDE76B00527C08 = {
						CreatedOnToolsVersion = 7.1;
					};
				};
			};
			buildConfigurationList = AC5EE2C81BDDE76B00527C08 /* Build configuration list for PBXProject "SuperCool" */;
			compatibilityVersion = "Xcode 3.2";
			developmentRegion = English;
			hasScannedForEncodings = 0;
			knownRegions = (
				en,
				Base,
			);
			mainGroup = AC5EE2C41BDDE76B00527C08;
			productRefGroup = AC5EE2CE1BDDE76B00527C08 /* Products */;
			projectDirPath = "";
			projectRoot = "";
			targets = (
				AC5EE2CC1BDDE76B00527C08 /* SuperCool */,
			);
		};
/* End PBXProject section */

/* Begin PBXResourcesBuildPhase section */
		AC5EE2CB1BDDE76B00527C08 /* Resources */ = {
			isa = PBXResourcesBuildPhase;
			buildActionMask = 2147483647;
			files = (
				AC5EE2DB1BDDE76B00527C08 /* LaunchScreen.storyboard in Resources */,
				AC5EE2D81BDDE76B00527C08 /* Assets.xcassets in Resources */,
				AC5EE2D61BDDE76B00527C08 /* Main.storyboard in Resources */,
			);
			runOnlyForDeploymentPostprocessing = 0;
		};
/* End PBXResourcesBuildPhase section */

/* Begin PBXSourcesBuildPhase section */
		AC5EE2C91BDDE76B00527C08 /* Sources */ = {
			isa = PBXSourcesBuildPhase;
			buildActionMask = 2147483647;
			files = (
				AC5EE2D31BDDE76B00527C08 /* ViewController.swift in Sources */,
				AC5EE2D11BDDE76B00527C08 /* AppDelegate.swift in Sources */,
			);
			runOnlyForDeploymentPostprocessing = 0;
		};
/* End PBXSourcesBuildPhase section */

/* Begin PBXVariantGroup section */
		AC5EE2D41BDDE76B00527C08 /* Main.storyboard */ = {
			isa = PBXVariantGroup;
			children = (
				AC5EE2D51BDDE76B00527C08 /* Base */,
			);
			name = Main.storyboard;
			sourceTree = "<group>";
		};
		AC5EE2D91BDDE76B00527C08 /* LaunchScreen.storyboard */ = {
			isa = PBXVariantGroup;
			children = (
				AC5EE2DA1BDDE76B00527C08 /* Base */,
			);
			name = LaunchScreen.storyboard;
			sourceTree = "<group>";
		};
/* End PBXVariantGroup section */

/* Begin XCBuildConfiguration section */
		AC5EE2DD1BDDE76B00527C08 /* Debug */ = {
			isa = XCBuildConfiguration;
			buildSettings = {
				ALWAYS_SEARCH_USER_PATHS = NO;
				CLANG_CXX_LANGUAGE_STANDARD = "gnu++0x";
				CLANG_CXX_LIBRARY = "libc++";
				CLANG_ENABLE_MODULES = YES;
				CLANG_ENABLE_OBJC_ARC = YES;
				CLANG_WARN_BOOL_CONVERSION = YES;
				CLANG_WARN_CONSTANT_CONVERSION = YES;
				CLANG_WARN_DIRECT_OBJC_ISA_USAGE = YES_ERROR;
				CLANG_WARN_EMPTY_BODY = YES;
				CLANG_WARN_ENUM_CONVERSION = YES;
				CLANG_WARN_INT_CONVERSION = YES;
				CLANG_WARN_OBJC_ROOT_CLASS = YES_ERROR;
				CLANG_WARN_UNREACHABLE_CODE = YES;
				CLANG_WARN__DUPLICATE_METHOD_MATCH = YES;
				"CODE_SIGN_IDENTITY[sdk=iphoneos*]" = "iPhone Developer";
				COPY_PHASE_STRIP = NO;
				DEBUG_INFORMATION_FORMAT = dwarf;
				ENABLE_STRICT_OBJC_MSGSEND = YES;
				ENABLE_TESTABILITY = YES;
				GCC_C_LANGUAGE_STANDARD = gnu99;
				GCC_DYNAMIC_NO_PIC = NO;
				GCC_NO_COMMON_BLOCKS = YES;
				GCC_OPTIMIZATION_LEVEL = 0;
				GCC_PREPROCESSOR_DEFINITIONS = (
					"DEBUG=1",
					"$(inherited)",
				);
				GCC_WARN_64_TO_32_BIT_CONVERSION = YES;
				GCC_WARN_ABOUT_RETURN_TYPE = YES_ERROR;
				GCC_WARN_UNDECLARED_SELECTOR = YES;
				GCC_WARN_UNINITIALIZED_AUTOS = YES_AGGRESSIVE;
				GCC_WARN_UNUSED_FUNCTION = YES;
				GCC_WARN_UNUSED_VARIABLE = YES;
				IPHONEOS_DEPLOYMENT_TARGET = 9.1;
				MTL_ENABLE_DEBUG_INFO = YES;
				ONLY_ACTIVE_ARCH = YES;
				SDKROOT = iphoneos;
				SWIFT_OPTIMIZATION_LEVEL = "-Onone";
			};
			name = Debug;
		};
		AC5EE2DE1BDDE76B00527C08 /* Release */ = {
			isa = XCBuildConfiguration;
			buildSettings = {
				ALWAYS_SEARCH_USER_PATHS = NO;
				CLANG_CXX_LANGUAGE_STANDARD = "gnu++0x";
				CLANG_CXX_LIBRARY = "libc++";
				CLANG_ENABLE_MODULES = YES;
				CLANG_ENABLE_OBJC_ARC = YES;
				CLANG_WARN_BOOL_CONVERSION = YES;
				CLANG_WARN_CONSTANT_CONVERSION = YES;
				CLANG_WARN_DIRECT_OBJC_ISA_USAGE = YES_ERROR;
				CLANG_WARN_EMPTY_BODY = YES;
				CLANG_WARN_ENUM_CONVERSION = YES;
				CLANG_WARN_INT_CONVERSION = YES;
				CLANG_WARN_OBJC_ROOT_CLASS = YES_ERROR;
				CLANG_WARN_UNREACHABLE_CODE = YES;
				CLANG_WARN__DUPLICATE_METHOD_MATCH = YES;
				"CODE_SIGN_IDENTITY[sdk=iphoneos*]" = "iPhone Developer";
				COPY_PHASE_STRIP = NO;
				DEBUG_INFORMATION_FORMAT = "dwarf-with-dsym";
				ENABLE_NS_ASSERTIONS = NO;
				ENABLE_STRICT_OBJC_MSGSEND = YES;
				GCC_C_LANGUAGE_STANDARD = gnu99;
				GCC_NO_COMMON_BLOCKS = YES;
				GCC_WARN_64_TO_32_BIT_CONVERSION = YES;
				GCC_WARN_ABOUT_RETURN_TYPE = YES_ERROR;
				GCC_WARN_UNDECLARED_SELECTOR = YES;
				GCC_WARN_UNINITIALIZED_AUTOS = YES_AGGRESSIVE;
				GCC_WARN_UNUSED_FUNCTION = YES;
				GCC_WARN_UNUSED_VARIABLE = YES;
				IPHONEOS_DEPLOYMENT_TARGET = 9.1;
				MTL_ENABLE_DEBUG_INFO = NO;
				SDKROOT = iphoneos;
				VALIDATE_PRODUCT = YES;
			};
			name = Release;
		};
		AC5EE2E01BDDE76B00527C08 /* Debug */ = {
			isa = XCBuildConfiguration;
			buildSettings = {
				ASSETCATALOG_COMPILER_APPICON_NAME = AppIcon;
				INFOPLIST_FILE = SuperCool/Info.plist;
				LD_RUNPATH_SEARCH_PATHS = "$(inherited) @executable_path/Frameworks";
				PRODUCT_BUNDLE_IDENTIFIER = com.SuperCool.SuperCool;
				PRODUCT_NAME = "$(TARGET_NAME)";
			};
			name = Debug;
		};
		AC5EE2E11BDDE76B00527C08 /* Release */ = {
			isa = XCBuildConfiguration;
			buildSettings = {
				ASSETCATALOG_COMPILER_APPICON_NAME = AppIcon;
				INFOPLIST_FILE = SuperCool/Info.plist;
				LD_RUNPATH_SEARCH_PATHS = "$(inherited) @executable_path/Frameworks";
				PRODUCT_BUNDLE_IDENTIFIER = com.SuperCool.SuperCool;
				PRODUCT_NAME = "$(TARGET_NAME)";
			};
			name = Release;
		};
/* End XCBuildConfiguration section */

/* Begin XCConfigurationList section */
		AC5EE2C81BDDE76B00527C08 /* Build configuration list for PBXProject "SuperCool" */ = {
			isa = XCConfigurationList;
			buildConfigurations = (
				AC5EE2DD1BDDE76B00527C08 /* Debug */,
				AC5EE2DE1BDDE76B00527C08 /* Release */,
			);
			defaultConfigurationIsVisible = 0;
			defaultConfigurationName = Release;
		};
		AC5EE2DF1BDDE76B00527C08 /* Build configuration list for PBXNativeTarget "SuperCool" */ = {
			isa = XCConfigurationList;
			buildConfigurations = (
				AC5EE2E01BDDE76B00527C08 /* Debug */,
				AC5EE2E11BDDE76B00527C08 /* Release */,
			);
			defaultConfigurationIsVisible = 0;
		};
/* End XCConfigurationList section */
	};
	rootObject = AC5EE2C51BDDE76B00527C08 /* Project object */;
}
